{
  "name": "fugue-serving-compatibility",
  "lockfileVersion": 3,
  "requires": true,
  "packages": {
    "": {
      "name": "fugue-serving-compatibility",
      "devDependencies": {
        "@ai-sdk/open-responses": "2.0.10",
        "ai": "7.0.28",
        "bun": "1.3.0",
        "zod": "3.25.76"
      }
    },
    "node_modules/@ai-sdk/gateway": {
      "version": "4.0.20",
      "resolved": "https://registry.npmjs.org/@ai-sdk/gateway/-/gateway-4.0.20.tgz",
      "integrity": "sha512-m3PdYs0yqSxswsrEhVj64wDLgFs35Zxl8liLNuWGzE7bwBLF6Mhu0E5rPpDNJbIjyQpA4aMKOOWBfjERw2zvPw==",
      "dev": true,
      "license": "Apache-2.0",
      "dependencies": {
        "@ai-sdk/provider": "4.0.3",
        "@ai-sdk/provider-utils": "5.0.10",
        "@vercel/oidc": "3.2.0"
      },
      "engines": {
        "node": ">=22"
      },
      "peerDependencies": {
        "zod": "^3.25.76 || ^4.1.8"
      }
    },
    "node_modules/@ai-sdk/open-responses": {
      "version": "2.0.10",
      "resolved": "https://registry.npmjs.org/@ai-sdk/open-responses/-/open-responses-2.0.10.tgz",
      "integrity": "sha512-jWz851Q+Zaqsbt06K7Zf8uJDdE0giPIysKK2cFscpx4Gj6AX8F4xuBL1BBfT4skpcbhW8/mbILxjdQHAgpDeWw==",
      "dev": true,
      "license": "Apache-2.0",
      "dependencies": {
        "@ai-sdk/provider": "4.0.3",
        "@ai-sdk/provider-utils": "5.0.10"
      },
      "engines": {
        "node": ">=22"
      },
      "peerDependencies": {
        "zod": "^3.25.76 || ^4.1.8"
      }
    },
    "node_modules/@ai-sdk/provider": {
      "version": "4.0.3",
      "resolved": "https://registry.npmjs.org/@ai-sdk/provider/-/provider-4.0.3.tgz",
      "integrity": "sha512-e0CpNWJUY7OxAFAnCZkw+ri9QOHWwTs1tXP42782KFGCU07qt8NiXCrCVowyCB5dP2r5/Uls+g2oPd8kOJn9dw==",
      "dev": true,
      "license": "Apache-2.0",
      "dependencies": {
        "json-schema": "^0.4.0"
      },
      "engines": {
        "node": ">=22"
      }
    },
    "node_modules/@ai-sdk/provider-utils": {
      "version": "5.0.10",
      "resolved": "https://registry.npmjs.org/@ai-sdk/provider-utils/-/provider-utils-5.0.10.tgz",
      "integrity": "sha512-uPyec0+85dwxZYXtb8qe8gCjhjDfxP4LCDo/uRQS/iG+FIgYbHPRhr/ys281udG90bTaE18+5cxWraYaf8oHCw==",
      "dev": true,
      "license": "Apache-2.0",
      "dependencies": {
        "@ai-sdk/provider": "4.0.3",
        "@standard-schema/spec": "^1.1.0",
        "@workflow/serde": "4.1.0",
        "eventsource-parser": "^3.0.8"
      },
      "engines": {
        "node": ">=22"
      },
      "peerDependencies": {
        "zod": "^3.25.76 || ^4.1.8"
      }
    },
    "node_modules/@oven/bun-darwin-aarch64": {
      "version": "1.3.0",
      "resolved": "https://registry.npmjs.org/@oven/bun-darwin-aarch64/-/bun-darwin-aarch64-1.3.0.tgz",
      "integrity": "sha512-WeXSaL29ylJEZMYHHW28QZ6rgAbxQ1KuNSZD9gvd3fPlo0s6s2PglvPArjjP07nmvIK9m4OffN0k4M98O7WmAg==",
      "cpu": [
        "arm64"
      ],
      "dev": true,
      "license": "MIT",
      "optional": true,
      "os": [
        "darwin"
      ]
    },
    "node_modules/@oven/bun-darwin-x64": {
      "version": "1.3.0",
      "resolved": "https://registry.npmjs.org/@oven/bun-darwin-x64/-/bun-darwin-x64-1.3.0.tgz",
      "integrity": "sha512-CFKjoUWQH0Oz3UHYfKbdKLq0wGryrFsTJEYq839qAwHQSECvVZYAnxVVDYUDa0yQFonhO2qSHY41f6HK+b7xtw==",
      "cpu": [
        "x64"
      ],
      "dev": true,
      "license": "MIT",
      "optional": true,
      "os": [
        "darwin"
      ]
    },
    "node_modules/@oven/bun-darwin-x64-baseline": {
      "version": "1.3.0",
      "resolved": "https://registry.npmjs.org/@oven/bun-darwin-x64-baseline/-/bun-darwin-x64-baseline-1.3.0.tgz",
      "integrity": "sha512-+FSr/ub5vA/EkD3fMhHJUzYioSf/sXd50OGxNDAntVxcDu4tXL/81Ka3R/gkZmjznpLFIzovU/1Ts+b7dlkrfw==",
      "cpu": [
        "x64"
      ],
      "dev": true,
      "license": "MIT",
      "optional": true,
      "os": [
        "darwin"
      ]
    },
    "node_modules/@oven/bun-linux-aarch64": {
      "version": "1.3.0",
      "resolved": "https://registry.npmjs.org/@oven/bun-linux-aarch64/-/bun-linux-aarch64-1.3.0.tgz",
      "integrity": "sha512-WHthS/eLkCNcp9pk4W8aubRl9fIUgt2XhHyLrP0GClB1FVvmodu/zIOtG0NXNpzlzB8+gglOkGo4dPjfVf4Z+g==",
      "cpu": [
        "arm64"
      ],
      "dev": true,
      "license": "MIT",
      "optional": true,
      "os": [
        "linux"
      ]
    },
    "node_modules/@oven/bun-linux-aarch64-musl": {
      "version": "1.3.0",
      "resolved": "https://registry.npmjs.org/@oven/bun-linux-aarch64-musl/-/bun-linux-aarch64-musl-1.3.0.tgz",
      "integrity": "sha512-HT5sr7N8NDYbQRjAnT7ISpx64y+ewZZRQozOJb0+KQObKvg4UUNXGm4Pn1xA4/WPMZDDazjO8E2vtOQw1nJlAQ==",
      "cpu": [
        "arm64"
      ],
      "dev": true,
      "license": "MIT",
      "optional": true,
      "os": [
        "linux"
      ]
    },
    "node_modules/@oven/bun-linux-x64": {
      "version": "1.3.0",
      "resolved": "https://registry.npmjs.org/@oven/bun-linux-x64/-/bun-linux-x64-1.3.0.tgz",
      "integrity": "sha512-sGEWoJQXO4GDr0x4t/yJQ/Bq1yNkOdX9tHbZZ+DBGJt3z3r7jeb4Digv8xQUk6gdTFC9vnGHuin+KW3/yD1Aww==",
      "cpu": [
        "x64"
      ],
      "dev": true,
      "license": "MIT",
      "optional": true,
      "os": [
        "linux"
      ]
    },
    "node_modules/@oven/bun-linux-x64-baseline": {
      "version": "1.3.0",
      "resolved": "https://registry.npmjs.org/@oven/bun-linux-x64-baseline/-/bun-linux-x64-baseline-1.3.0.tgz",
      "integrity": "sha512-OmlEH3nlxQyv7HOvTH21vyNAZGv9DIPnrTznzvKiOQxkOphhCyKvPTlF13ydw4s/i18iwaUrhHy+YG9HSSxa4Q==",
      "cpu": [
        "x64"
      ],
      "dev": true,
      "license": "MIT",
      "optional": true,
      "os": [
        "linux"
      ]
    },
    "node_modules/@oven/bun-linux-x64-musl": {
      "version": "1.3.0",
      "resolved": "https://registry.npmjs.org/@oven/bun-linux-x64-musl/-/bun-linux-x64-musl-1.3.0.tgz",
      "integrity": "sha512-rtzUEzCynl3Rhgn/iR9DQezSFiZMcAXAbU+xfROqsweMGKwvwIA2ckyyckO08psEP8XcUZTs3LT9CH7PnaMiEA==",
      "cpu": [
        "x64"
      ],
      "dev": true,
      "license": "MIT",
      "optional": true,
      "os": [
        "linux"
      ]
    },
    "node_modules/@oven/bun-linux-x64-musl-baseline": {
      "version": "1.3.0",
      "resolved": "https://registry.npmjs.org/@oven/bun-linux-x64-musl-baseline/-/bun-linux-x64-musl-baseline-1.3.0.tgz",
      "integrity": "sha512-hrr7mDvUjMX1tuJaXz448tMsgKIqGJBY8+rJqztKOw1U5+a/v2w5HuIIW1ce7ut0ZwEn+KIDvAujlPvpH33vpQ==",
      "cpu": [
        "x64"
      ],
      "dev": true,
      "license": "MIT",
      "optional": true,
      "os": [
        "linux"
      ]
    },
    "node_modules/@oven/bun-windows-x64": {
      "version": "1.3.0",
      "resolved": "https://registry.npmjs.org/@oven/bun-windows-x64/-/bun-windows-x64-1.3.0.tgz",
      "integrity": "sha512-xXwtpZVVP7T+vkxcF/TUVVOGRjEfkByO4mKveKYb4xnHWV4u4NnV0oNmzyMKkvmj10to5j2h0oZxA4ZVVv4gfA==",
      "cpu": [
        "x64"
      ],
      "dev": true,
      "license": "MIT",
      "optional": true,
      "os": [
        "win32"
      ]
    },
    "node_modules/@oven/bun-windows-x64-baseline": {
      "version": "1.3.0",
      "resolved": "https://registry.npmjs.org/@oven/bun-windows-x64-baseline/-/bun-windows-x64-baseline-1.3.0.tgz",
      "integrity": "sha512-/jVZ8eYjpYHLDFNoT86cP+AjuWvpkzFY+0R0a1bdeu0sQ6ILuy1FV6hz1hUAP390E09VCo5oP76fnx29giHTtA==",
      "cpu": [
        "x64"
      ],
      "dev": true,
      "license": "MIT",
      "optional": true,
      "os": [
        "win32"
      ]
    },
    "node_modules/@standard-schema/spec": {
      "version": "1.1.0",
      "resolved": "https://registry.npmjs.org/@standard-schema/spec/-/spec-1.1.0.tgz",
      "integrity": "sha512-l2aFy5jALhniG5HgqrD6jXLi/rUWrKvqN/qJx6yoJsgKhblVd+iqqU4RCXavm/jPityDo5TCvKMnpjKnOriy0w==",
      "dev": true,
      "license": "MIT"
    },
    "node_modules/@vercel/oidc": {
      "version": "3.2.0",
      "resolved": "https://registry.npmjs.org/@vercel/oidc/-/oidc-3.2.0.tgz",
      "integrity": "sha512-UycprH3T6n3jH0k44NHMa7pnFHGu/N05MjojYr+Mc6I7obkoLIJujSWwin1pCvdy/eOxrI/l3uDLQsmcrOb4ug==",
      "dev": true,
      "license": "Apache-2.0",
      "engines": {
        "node": ">= 20"
      }
    },
    "node_modules/@workflow/serde": {
      "version": "4.1.0",
      "resolved": "https://registry.npmjs.org/@workflow/serde/-/serde-4.1.0.tgz",
      "integrity": "sha512-pav4F2BoirECWR7Nf1TKt+2eETcBj7jj4cBefQ8VXQCA6NPkaKeLfj/zMgi+3zYV5ZIBT4GuUiphsj0/b9hPQQ==",
      "dev": true,
      "license": "Apache-2.0"
    },
    "node_modules/ai": {
      "version": "7.0.28",
      "resolved": "https://registry.npmjs.org/ai/-/ai-7.0.28.tgz",
      "integrity": "sha512-RtynA4e6rWH2YiMX0OJz2h2i+sdJgiItuwqmstYZAiTZ0ZkZzQ8s4KVh7tQfZuDCfzIhRTg+q1h1xirT8AClkw==",
      "dev": true,
      "license": "Apache-2.0",
      "dependencies": {
        "@ai-sdk/gateway": "4.0.20",
        "@ai-sdk/provider": "4.0.3",
        "@ai-sdk/provider-utils": "5.0.10"
      },
      "engines": {
        "node": ">=22"
      },
      "peerDependencies": {
        "zod": "^3.25.76 || ^4.1.8"
      }
    },
    "node_modules/bun": {
      "version": "1.3.0",
      "resolved": "https://registry.npmjs.org/bun/-/bun-1.3.0.tgz",
      "integrity": "sha512-YI7mFs7iWc/VsGsh2aw6eAPD2cjzn1j+LKdYVk09x1CrdTWKYIHyd+dG5iQoN9//3hCDoZj8U6vKpZzEf5UARA==",
      "cpu": [
        "arm64",
        "x64"
      ],
      "dev": true,
      "hasInstallScript": true,
      "license": "MIT",
      "os": [
        "darwin",
        "linux",
        "win32"
      ],
      "bin": {
        "bun": "bin/bun.exe",
        "bunx": "bin/bunx.exe"
      },
      "optionalDependencies": {
        "@oven/bun-darwin-aarch64": "1.3.0",
        "@oven/bun-darwin-x64": "1.3.0",
        "@oven/bun-darwin-x64-baseline": "1.3.0",
        "@oven/bun-linux-aarch64": "1.3.0",
        "@oven/bun-linux-aarch64-musl": "1.3.0",
        "@oven/bun-linux-x64": "1.3.0",
        "@oven/bun-linux-x64-baseline": "1.3.0",
        "@oven/bun-linux-x64-musl": "1.3.0",
        "@oven/bun-linux-x64-musl-baseline": "1.3.0",
        "@oven/bun-windows-x64": "1.3.0",
        "@oven/bun-windows-x64-baseline": "1.3.0"
      }
    },
    "node_modules/eventsource-parser": {
      "version": "3.1.0",
      "resolved": "https://registry.npmjs.org/eventsource-parser/-/eventsource-parser-3.1.0.tgz",
      "integrity": "sha512-kJezFj9YFAMLeORyi7aCLxLbD5/qWMQnoMVlVPyHIll7lgRJCc3JVln9Vgl9nwQi0YkMnhdGTMNn7CkRRAptMg==",
      "dev": true,
      "license": "MIT",
      "engines": {
        "node": ">=18.0.0"
      }
    },
    "node_modules/json-schema": {
      "version": "0.4.0",
      "resolved": "https://registry.npmjs.org/json-schema/-/json-schema-0.4.0.tgz",
      "integrity": "sha512-es94M3nTIfsEPisRafak+HDLfHXnKBhV3vU5eqPcS3flIWqcxJWgXHXiey3YrpaNsanY5ei1VoYEbOzijuq9BA==",
      "dev": true,
      "license": "(AFL-2.1 OR BSD-3-Clause)"
    },
    "node_modules/zod": {
      "version": "3.25.76",
      "resolved": "https://registry.npmjs.org/zod/-/zod-3.25.76.tgz",
      "integrity": "sha512-gzUt/qt81nXsFGKIFcC3YnfEAx5NkunCfnDlvuBSSFS02bcXu4Lmea0AFIUwbLWxWPx3d9p8S5QoaujKcNQxcQ==",
      "dev": true,
      "license": "MIT",
      "funding": {
        "url": "https://github.com/sponsors/colinhacks"
      }
    }
  }
}
